
Microsoft Visual Studio Solution File, Format Version 12.00
# Visual Studio Version 17
VisualStudioVersion = 17.7.34031.279
MinimumVisualStudioVersion = 10.0.40219.1
Project("{FAE04EC0-301F-11D3-BF4B-00C04F79EFBC}") = "Repository", "Repository\Repository.csproj", "{3B52352E-0F45-453E-9F0A-F3FB347C5210}"
EndProject
Project("{FAE04EC0-301F-11D3-BF4B-00C04F79EFBC}") = "DataAccess", "DataAccess\DataAccess.csproj", "{2F6384EB-5538-4B84-AB1F-6E7CD6C25EAE}"
EndProject
Project("{FAE04EC0-301F-11D3-BF4B-00C04F79EFBC}") = "WebApi", "WebApi\WebApi.csproj", "{43F517A1-9CDC-48E7-B24D-29AEAA1C3075}"
EndProject
Global
	GlobalSection(SolutionConfigurationPlatforms) = preSolution
		Debug|Any CPU = Debug|Any CPU
		Release|Any CPU = Release|Any CPU
	EndGlobalSection
	GlobalSection(ProjectConfigurationPlatforms) = postSolution
		{3B52352E-0F45-453E-9F0A-F3FB347C5210}.Debug|Any CPU.ActiveCfg = Debug|Any CPU
		{3B52352E-0F45-453E-9F0A-F3FB347C5210}.Debug|Any CPU.Build.0 = Debug|Any CPU
		{3B52352E-0F45-453E-9F0A-F3FB347C5210}.Release|Any CPU.ActiveCfg = Release|Any CPU
		{3B52352E-0F45-453E-9F0A-F3FB347C5210}.Release|Any CPU.Build.0 = Release|Any CPU
		{2F6384EB-5538-4B84-AB1F-6E7CD6C25EAE}.Debug|Any CPU.ActiveCfg = Debug|Any CPU
		{2F6384EB-5538-4B84-AB1F-6E7CD6C25EAE}.Debug|Any CPU.Build.0 = Debug|Any CPU
		{2F6384EB-5538-4B84-AB1F-6E7CD6C25EAE}.Release|Any CPU.ActiveCfg = Release|Any CPU
		{2F6384EB-5538-4B84-AB1F-6E7CD6C25EAE}.Release|Any CPU.Build.0 = Release|Any CPU
		{43F517A1-9CDC-48E7-B24D-29AEAA1C3075}.Debug|Any CPU.ActiveCfg = Debug|Any CPU
		{43F517A1-9CDC-48E7-B24D-29AEAA1C3075}.Debug|Any CPU.Build.0 = Debug|Any CPU
		{43F517A1-9CDC-48E7-B24D-29AEAA1C3075}.Release|Any CPU.ActiveCfg = Release|Any CPU
		{43F517A1-9CDC-48E7-B24D-29AEAA1C3075}.Release|Any CPU.Build.0 = Release|Any CPU
	EndGlobalSection
	GlobalSection(SolutionProperties) = preSolution
		HideSolutionNode = FALSE
	EndGlobalSection
	GlobalSection(ExtensibilityGlobals) = postSolution
		SolutionGuid = {0B8C326F-DD3F-429C-B1E9-099080745329}
	EndGlobalSection
EndGlobal
